
Microsoft Visual Studio Solution File, Format Version 12.00
# Visual Studio Version 16
VisualStudioVersion = 16.0.32802.440
MinimumVisualStudioVersion = 10.0.40219.1
Project("{FAE04EC0-301F-11D3-BF4B-00C04F79EFBC}") = "WebProgramlamaProje", "WebProgramlamaProje\WebProgramlamaProje.csproj", "{07EE753E-B0AC-4F96-9742-C1D039E8400E}"
EndProject
Global
	GlobalSection(SolutionConfigurationPlatforms) = preSolution
		Debug|Any CPU = Debug|Any CPU
		Release|Any CPU = Release|Any CPU
	EndGlobalSection
	GlobalSection(ProjectConfigurationPlatforms) = postSolution
		{07EE753E-B0AC-4F96-9742-C1D039E8400E}.Debug|Any CPU.ActiveCfg = Debug|Any CPU
		{07EE753E-B0AC-4F96-9742-C1D039E8400E}.Debug|Any CPU.Build.0 = Debug|Any CPU
		{07EE753E-B0AC-4F96-9742-C1D039E8400E}.Release|Any CPU.ActiveCfg = Release|Any CPU
		{07EE753E-B0AC-4F96-9742-C1D039E8400E}.Release|Any CPU.Build.0 = Release|Any CPU
	EndGlobalSection
	GlobalSection(SolutionProperties) = preSolution
		HideSolutionNode = FALSE
	EndGlobalSection
	GlobalSection(ExtensibilityGlobals) = postSolution
		SolutionGuid = {079EC3C1-1295-460B-BF1D-01A4A188D78D}
	EndGlobalSection
EndGlobal
